# THIS IS AN AUTOGENERATED FILE. DO NOT EDIT THIS FILE DIRECTLY.
# yarn lockfile v1


commander@^5.0.0:
  version "5.1.0"
  resolved "https://registry.yarnpkg.com/commander/-/commander-5.1.0.tgz#46abbd1652f8e059bddaef99bbdcb2ad9cf179ae"
  integrity sha512-P0CysNDQ7rtVw4QIQtm+MRxV66vKFSvlsQvGYXZWR3qFU0jlMKHZZZgw8e+8DSah4UDKMqnknRDQz+xuQXQ/Zg==

tree-node-cli@^1.4.0:
  version "1.4.0"
  resolved "https://registry.yarnpkg.com/tree-node-cli/-/tree-node-cli-1.4.0.tgz#8f4028554610d6ee1cdeb98554a60841a3cfa3ac"
  integrity sha512-hBc/cp7rTSHFSFvaTzmHNYyJv87UJBsxsfCoq2DtDQuMES4vhnLuvXZit/asGtZG8edWTCydWeFWoBz9LYkJdQ==
  dependencies:
    commander "^5.0.0"
